{
  "name": "npm-exotic",
  "version": "0.0.0",
  "lockfileVersion": 3,
  "requires": true,
  "packages": {
    "": {
      "name": "npm-exotic",
      "version": "0.0.0",
      "dependencies": {
        "lodash": "^4.17.21",
        "shady-fork": "git+https://github.com/attacker/shady-fork.git#abc123"
      }
    },
    "node_modules/lodash": {
      "version": "4.17.21",
      "resolved": "https://registry.npmjs.org/lodash/-/lodash-4.17.21.tgz",
      "integrity": "sha512-v2kDEe57lecTulaDIuNTPy3Ry4gLGJ6Z1O3vE1krgXZNrsQ+LFTGHVxVjcXPs17LhbZVGedAJv8XZ1tvj5FvSg=="
    },
    "node_modules/shady-fork": {
      "version": "0.0.0",
      "resolved": "git+ssh://git@github.com/attacker/shady-fork.git#abc123",
      "hasInstallScript": true
    },
    "node_modules/sharp": {
      "version": "0.33.0",
      "resolved": "https://registry.npmjs.org/sharp/-/sharp-0.33.0.tgz",
      "integrity": "sha512-fake",
      "hasInstallScript": true
    }
  }
}
